
Microsoft Visual Studio Solution File, Format Version 12.00
# Visual Studio Version 16
VisualStudioVersion = 16.0.31129.286
MinimumVisualStudioVersion = 10.0.40219.1
Project("{FAE04EC0-301F-11D3-BF4B-00C04F79EFBC}") = "ATMService", "ATMService\ATMService.csproj", "{C3BF7A99-CF5C-44A4-B3B8-D8FC7A12E1C1}"
EndProject
Project("{FAE04EC0-301F-11D3-BF4B-00C04F79EFBC}") = "ATMService.Core", "ATMService.Core\ATMService.Core.csproj", "{299639F2-7EAF-4F3F-A316-C6A864931613}"
EndProject
Project("{FAE04EC0-301F-11D3-BF4B-00C04F79EFBC}") = "ATMService.Test", "ATMService.Test\ATMService.Test.csproj", "{EDBEC1F1-43A6-4431-A092-0C9D3AC1C122}"
EndProject
Project("{FAE04EC0-301F-11D3-BF4B-00C04F79EFBC}") = "ATMService.Gateway", "ATMService.Gateway\ATMService.Gateway.csproj", "{8209091C-5FBB-4E6F-921B-B35D76A2DB28}"
EndProject
Global
	GlobalSection(SolutionConfigurationPlatforms) = preSolution
		Debug|Any CPU = Debug|Any CPU
		Release|Any CPU = Release|Any CPU
	EndGlobalSection
	GlobalSection(ProjectConfigurationPlatforms) = postSolution
		{C3BF7A99-CF5C-44A4-B3B8-D8FC7A12E1C1}.Debug|Any CPU.ActiveCfg = Debug|Any CPU
		{C3BF7A99-CF5C-44A4-B3B8-D8FC7A12E1C1}.Debug|Any CPU.Build.0 = Debug|Any CPU
		{C3BF7A99-CF5C-44A4-B3B8-D8FC7A12E1C1}.Release|Any CPU.ActiveCfg = Release|Any CPU
		{C3BF7A99-CF5C-44A4-B3B8-D8FC7A12E1C1}.Release|Any CPU.Build.0 = Release|Any CPU
		{299639F2-7EAF-4F3F-A316-C6A864931613}.Debug|Any CPU.ActiveCfg = Debug|Any CPU
		{299639F2-7EAF-4F3F-A316-C6A864931613}.Debug|Any CPU.Build.0 = Debug|Any CPU
		{299639F2-7EAF-4F3F-A316-C6A864931613}.Release|Any CPU.ActiveCfg = Release|Any CPU
		{299639F2-7EAF-4F3F-A316-C6A864931613}.Release|Any CPU.Build.0 = Release|Any CPU
		{EDBEC1F1-43A6-4431-A092-0C9D3AC1C122}.Debug|Any CPU.ActiveCfg = Debug|Any CPU
		{EDBEC1F1-43A6-4431-A092-0C9D3AC1C122}.Debug|Any CPU.Build.0 = Debug|Any CPU
		{EDBEC1F1-43A6-4431-A092-0C9D3AC1C122}.Release|Any CPU.ActiveCfg = Release|Any CPU
		{EDBEC1F1-43A6-4431-A092-0C9D3AC1C122}.Release|Any CPU.Build.0 = Release|Any CPU
		{8209091C-5FBB-4E6F-921B-B35D76A2DB28}.Debug|Any CPU.ActiveCfg = Debug|Any CPU
		{8209091C-5FBB-4E6F-921B-B35D76A2DB28}.Debug|Any CPU.Build.0 = Debug|Any CPU
		{8209091C-5FBB-4E6F-921B-B35D76A2DB28}.Release|Any CPU.ActiveCfg = Release|Any CPU
		{8209091C-5FBB-4E6F-921B-B35D76A2DB28}.Release|Any CPU.Build.0 = Release|Any CPU
	EndGlobalSection
	GlobalSection(SolutionProperties) = preSolution
		HideSolutionNode = FALSE
	EndGlobalSection
	GlobalSection(ExtensibilityGlobals) = postSolution
		SolutionGuid = {B6C639E1-0538-4500-9633-9CE55A3A6EC2}
	EndGlobalSection
EndGlobal
